// !$*UTF8*$!
{
	archiveVersion = 1;
	classes = {
	};
	objectVersion = 56;
	objects = {

/* Begin PBXBuildFile section */
		D0001001 /* RSVPReaderApp.swift in Sources */ = {isa = PBXBuildFile; fileRef = D0001000 /* RSVPReaderApp.swift */; };
		D0001003 /* ContentView.swift in Sources */ = {isa = PBXBuildFile; fileRef = D0001002 /* ContentView.swift */; };
		D0001005 /* WordDisplayView.swift in Sources */ = {isa = PBXBuildFile; fileRef = D0001004 /* WordDisplayView.swift */; };
		D0001007 /* DropZoneView.swift in Sources */ = {isa = PBXBuildFile; fileRef = D0001006 /* DropZoneView.swift */; };
		D0001009 /* BottomBarView.swift in Sources */ = {isa = PBXBuildFile; fileRef = D0001008 /* BottomBarView.swift */; };
		D0001013 /* ParagraphSidebarView.swift in Sources */ = {isa = PBXBuildFile; fileRef = D0001014 /* ParagraphSidebarView.swift */; };
		D0001015 /* TextReaderView.swift in Sources */ = {isa = PBXBuildFile; fileRef = D0001016 /* TextReaderView.swift */; };
		D000100B /* RSVPEngine.swift in Sources */ = {isa = PBXBuildFile; fileRef = D000100A /* RSVPEngine.swift */; };
		D000100D /* ORPCalculator.swift in Sources */ = {isa = PBXBuildFile; fileRef = D000100C /* ORPCalculator.swift */; };
		D000100F /* FileLoader.swift in Sources */ = {isa = PBXBuildFile; fileRef = D000100E /* FileLoader.swift */; };
		D0001011 /* Assets.xcassets in Resources */ = {isa = PBXBuildFile; fileRef = D0001010 /* Assets.xcassets */; };
/* End PBXBuildFile section */

/* Begin PBXFileReference section */
		D0000100 /* RSVPReader.app */ = {isa = PBXFileReference; explicitFileType = wrapper.application; includeInIndex = 0; path = RSVPReader.app; sourceTree = BUILT_PRODUCTS_DIR; };
		D0001000 /* RSVPReaderApp.swift */ = {isa = PBXFileReference; lastKnownFileType = sourcecode.swift; path = RSVPReaderApp.swift; sourceTree = "<group>"; };
		D0001002 /* ContentView.swift */ = {isa = PBXFileReference; lastKnownFileType = sourcecode.swift; path = ContentView.swift; sourceTree = "<group>"; };
		D0001004 /* WordDisplayView.swift */ = {isa = PBXFileReference; lastKnownFileType = sourcecode.swift; path = WordDisplayView.swift; sourceTree = "<group>"; };
		D0001006 /* DropZoneView.swift */ = {isa = PBXFileReference; lastKnownFileType = sourcecode.swift; path = DropZoneView.swift; sourceTree = "<group>"; };
		D0001008 /* BottomBarView.swift */ = {isa = PBXFileReference; lastKnownFileType = sourcecode.swift; path = BottomBarView.swift; sourceTree = "<group>"; };
		D000100A /* RSVPEngine.swift */ = {isa = PBXFileReference; lastKnownFileType = sourcecode.swift; path = RSVPEngine.swift; sourceTree = "<group>"; };
		D000100C /* ORPCalculator.swift */ = {isa = PBXFileReference; lastKnownFileType = sourcecode.swift; path = ORPCalculator.swift; sourceTree = "<group>"; };
		D000100E /* FileLoader.swift */ = {isa = PBXFileReference; lastKnownFileType = sourcecode.swift; path = FileLoader.swift; sourceTree = "<group>"; };
		D0001010 /* Assets.xcassets */ = {isa = PBXFileReference; lastKnownFileType = folder.assetcatalog; path = Assets.xcassets; sourceTree = "<group>"; };
		D0001012 /* RSVPReader.entitlements */ = {isa = PBXFileReference; lastKnownFileType = text.plist.entitlements; path = RSVPReader.entitlements; sourceTree = "<group>"; };
		D0001014 /* ParagraphSidebarView.swift */ = {isa = PBXFileReference; lastKnownFileType = sourcecode.swift; path = ParagraphSidebarView.swift; sourceTree = "<group>"; };
		D0001016 /* TextReaderView.swift */ = {isa = PBXFileReference; lastKnownFileType = sourcecode.swift; path = TextReaderView.swift; sourceTree = "<group>"; };
/* End PBXFileReference section */

/* Begin PBXFrameworksBuildPhase section */
		D0000200 /* Frameworks */ = {
			isa = PBXFrameworksBuildPhase;
			buildActionMask = 2147483647;
			files = (
			);
			runOnlyForDeploymentPostprocessing = 0;
		};
/* End PBXFrameworksBuildPhase section */

/* Begin PBXGroup section */
		D0000300 = {
			isa = PBXGroup;
			children = (
				D0000301 /* RSVPReader */,
				D0000302 /* Products */,
			);
			sourceTree = "<group>";
		};
		D0000301 /* RSVPReader */ = {
			isa = PBXGroup;
			children = (
				D0001000 /* RSVPReaderApp.swift */,
				D0000303 /* Views */,
				D0000304 /* Models */,
				D0001010 /* Assets.xcassets */,
				D0001012 /* RSVPReader.entitlements */,
			);
			path = RSVPReader;
			sourceTree = "<group>";
		};
		D0000302 /* Products */ = {
			isa = PBXGroup;
			children = (
				D0000100 /* RSVPReader.app */,
			);
			name = Products;
			sourceTree = "<group>";
		};
		D0000303 /* Views */ = {
			isa = PBXGroup;
			children = (
				D0001002 /* ContentView.swift */,
				D0001004 /* WordDisplayView.swift */,
				D0001006 /* DropZoneView.swift */,
				D0001008 /* BottomBarView.swift */,
				D0001014 /* ParagraphSidebarView.swift */,
				D0001016 /* TextReaderView.swift */,
			);
			path = Views;
			sourceTree = "<group>";
		};
		D0000304 /* Models */ = {
			isa = PBXGroup;
			children = (
				D000100A /* RSVPEngine.swift */,
				D000100C /* ORPCalculator.swift */,
				D000100E /* FileLoader.swift */,
			);
			path = Models;
			sourceTree = "<group>";
		};
/* End PBXGroup section */

/* Begin PBXNativeTarget section */
		D0000400 /* RSVPReader */ = {
			isa = PBXNativeTarget;
			buildConfigurationList = D0000500 /* Build configuration list for PBXNativeTarget "RSVPReader" */;
			buildPhases = (
				D0000401 /* Sources */,
				D0000200 /* Frameworks */,
				D0000402 /* Resources */,
			);
			buildRules = (
			);
			dependencies = (
			);
			name = RSVPReader;
			productName = RSVPReader;
			productReference = D0000100 /* RSVPReader.app */;
			productType = "com.apple.product-type.application";
		};
/* End PBXNativeTarget section */

/* Begin PBXProject section */
		D0000600 /* Project object */ = {
			isa = PBXProject;
			attributes = {
				BuildIndependentTargetsInParallel = 1;
				LastSwiftUpdateCheck = 1500;
				LastUpgradeCheck = 1500;
				TargetAttributes = {
					D0000400 = {
						CreatedOnToolsVersion = 15.0;
					};
				};
			};
			buildConfigurationList = D0000700 /* Build configuration list for PBXProject "RSVPReader" */;
			compatibilityVersion = "Xcode 14.0";
			developmentRegion = en;
			hasScannedForEncodings = 0;
			knownRegions = (
				en,
				Base,
			);
			mainGroup = D0000300;
			productRefGroup = D0000302 /* Products */;
			projectDirPath = "";
			projectRoot = "";
			targets = (
				D0000400 /* RSVPReader */,
			);
		};
/* End PBXProject section */

/* Begin PBXResourcesBuildPhase section */
		D0000402 /* Resources */ = {
			isa = PBXResourcesBuildPhase;
			buildActionMask = 2147483647;
			files = (
				D0001011 /* Assets.xcassets in Resources */,
			);
			runOnlyForDeploymentPostprocessing = 0;
		};
/* End PBXResourcesBuildPhase section */

/* Begin PBXSourcesBuildPhase section */
		D0000401 /* Sources */ = {
			isa = PBXSourcesBuildPhase;
			buildActionMask = 2147483647;
			files = (
				D0001001 /* RSVPReaderApp.swift in Sources */,
				D0001003 /* ContentView.swift in Sources */,
				D0001005 /* WordDisplayView.swift in Sources */,
				D0001007 /* DropZoneView.swift in Sources */,
				D0001009 /* BottomBarView.swift in Sources */,
				D0001013 /* ParagraphSidebarView.swift in Sources */,
				D0001015 /* TextReaderView.swift in Sources */,
				D000100B /* RSVPEngine.swift in Sources */,
				D000100D /* ORPCalculator.swift in Sources */,
				D000100F /* FileLoader.swift in Sources */,
			);
			runOnlyForDeploymentPostprocessing = 0;
		};
/* End PBXSourcesBuildPhase section */

/* Begin XCBuildConfiguration section */
		D0000800 /* Debug */ = {
			isa = XCBuildConfiguration;
			buildSettings = {
				ALWAYS_SEARCH_USER_PATHS = NO;
				ASSETCATALOG_COMPILER_GENERATE_SWIFT_ASSET_SYMBOL_EXTENSIONS = YES;
				CLANG_ANALYZER_NONNULL = YES;
				CLANG_ANALYZER_NUMBER_OBJECT_CONVERSION = YES_AGGRESSIVE;
				CLANG_CXX_LANGUAGE_STANDARD = "gnu++20";
				CLANG_ENABLE_MODULES = YES;
				CLANG_ENABLE_OBJC_ARC = YES;
				CLANG_ENABLE_OBJC_WEAK = YES;
				CLANG_WARN_BLOCK_CAPTURE_AUTORELEASING = YES;
				CLANG_WARN_BOOL_CONVERSION = YES;
				CLANG_WARN_COMMA = YES;
				CLANG_WARN_CONSTANT_CONVERSION = YES;
				CLANG_WARN_DEPRECATED_OBJC_IMPLEMENTATIONS = YES;
				CLANG_WARN_DIRECT_OBJC_ISA_USAGE = YES_ERROR;
				CLANG_WARN_DOCUMENTATION_COMMENTS = YES;
				CLANG_WARN_EMPTY_BODY = YES;
				CLANG_WARN_ENUM_CONVERSION = YES;
				CLANG_WARN_INFINITE_RECURSION = YES;
				CLANG_WARN_INT_CONVERSION = YES;
				CLANG_WARN_NON_LITERAL_NULL_CONVERSION = YES;
				CLANG_WARN_OBJC_IMPLICIT_RETAIN_SELF = YES;
				CLANG_WARN_OBJC_LITERAL_CONVERSION = YES;
				CLANG_WARN_OBJC_ROOT_CLASS = YES_ERROR;
				CLANG_WARN_QUOTED_INCLUDE_IN_FRAMEWORK_HEADER = YES;
				CLANG_WARN_RANGE_LOOP_ANALYSIS = YES;
				CLANG_WARN_STRICT_PROTOTYPES = YES;
				CLANG_WARN_SUSPICIOUS_MOVE = YES;
				CLANG_WARN_UNGUARDED_AVAILABILITY = YES_AGGRESSIVE;
				CLANG_WARN_UNREACHABLE_CODE = YES;
				CLANG_WARN__DUPLICATE_METHOD_MATCH = YES;
				COPY_PHASE_STRIP = NO;
				DEBUG_INFORMATION_FORMAT = dwarf;
				ENABLE_STRICT_OBJC_MSGSEND = YES;
				ENABLE_TESTABILITY = YES;
				ENABLE_USER_SCRIPT_SANDBOXING = YES;
				GCC_C_LANGUAGE_STANDARD = gnu17;
				GCC_DYNAMIC_NO_PIC = NO;
				GCC_NO_COMMON_BLOCKS = YES;
				GCC_OPTIMIZATION_LEVEL = 0;
				GCC_PREPROCESSOR_DEFINITIONS = (
					"DEBUG=1",
					"$(inherited)",
				);
				GCC_WARN_64_TO_32_BIT_CONVERSION = YES;
				GCC_WARN_ABOUT_RETURN_TYPE = YES_ERROR;
				GCC_WARN_UNDECLARED_SELECTOR = YES;
				GCC_WARN_UNINITIALIZED_AUTOS = YES_AGGRESSIVE;
				GCC_WARN_UNUSED_FUNCTION = YES;
				GCC_WARN_UNUSED_VARIABLE = YES;
				MACOSX_DEPLOYMENT_TARGET = 14.0;
				MTL_ENABLE_DEBUG_INFO = INCLUDE_SOURCE;
				MTL_FAST_MATH = YES;
				ONLY_ACTIVE_ARCH = YES;
				SDKROOT = macosx;
				SWIFT_ACTIVE_COMPILATION_CONDITIONS = "DEBUG $(inherited)";
				SWIFT_OPTIMIZATION_LEVEL = "-Onone";
			};
			name = Debug;
		};
		D0000801 /* Release */ = {
			isa = XCBuildConfiguration;
			buildSettings = {
				ALWAYS_SEARCH_USER_PATHS = NO;
				ASSETCATALOG_COMPILER_GENERATE_SWIFT_ASSET_SYMBOL_EXTENSIONS = YES;
				CLANG_ANALYZER_NONNULL = YES;
				CLANG_ANALYZER_NUMBER_OBJECT_CONVERSION = YES_AGGRESSIVE;
				CLANG_CXX_LANGUAGE_STANDARD = "gnu++20";
				CLANG_ENABLE_MODULES = YES;
				CLANG_ENABLE_OBJC_ARC = YES;
				CLANG_ENABLE_OBJC_WEAK = YES;
				CLANG_WARN_BLOCK_CAPTURE_AUTORELEASING = YES;
				CLANG_WARN_BOOL_CONVERSION = YES;
				CLANG_WARN_COMMA = YES;
				CLANG_WARN_CONSTANT_CONVERSION = YES;
				CLANG_WARN_DEPRECATED_OBJC_IMPLEMENTATIONS = YES;
				CLANG_WARN_DIRECT_OBJC_ISA_USAGE = YES_ERROR;
				CLANG_WARN_DOCUMENTATION_COMMENTS = YES;
				CLANG_WARN_EMPTY_BODY = YES;
				CLANG_WARN_ENUM_CONVERSION = YES;
				CLANG_WARN_INFINITE_RECURSION = YES;
				CLANG_WARN_INT_CONVERSION = YES;
				CLANG_WARN_NON_LITERAL_NULL_CONVERSION = YES;
				CLANG_WARN_OBJC_IMPLICIT_RETAIN_SELF = YES;
				CLANG_WARN_OBJC_LITERAL_CONVERSION = YES;
				CLANG_WARN_OBJC_ROOT_CLASS = YES_ERROR;
				CLANG_WARN_QUOTED_INCLUDE_IN_FRAMEWORK_HEADER = YES;
				CLANG_WARN_RANGE_LOOP_ANALYSIS = YES;
				CLANG_WARN_STRICT_PROTOTYPES = YES;
				CLANG_WARN_SUSPICIOUS_MOVE = YES;
				CLANG_WARN_UNGUARDED_AVAILABILITY = YES_AGGRESSIVE;
				CLANG_WARN_UNREACHABLE_CODE = YES;
				CLANG_WARN__DUPLICATE_METHOD_MATCH = YES;
				COPY_PHASE_STRIP = NO;
				DEBUG_INFORMATION_FORMAT = "dwarf-with-dsym";
				ENABLE_NS_ASSERTIONS = NO;
				ENABLE_STRICT_OBJC_MSGSEND = YES;
				ENABLE_USER_SCRIPT_SANDBOXING = YES;
				GCC_C_LANGUAGE_STANDARD = gnu17;
				GCC_NO_COMMON_BLOCKS = YES;
				GCC_WARN_64_TO_32_BIT_CONVERSION = YES;
				GCC_WARN_ABOUT_RETURN_TYPE = YES_ERROR;
				GCC_WARN_UNDECLARED_SELECTOR = YES;
				GCC_WARN_UNINITIALIZED_AUTOS = YES_AGGRESSIVE;
				GCC_WARN_UNUSED_FUNCTION = YES;
				GCC_WARN_UNUSED_VARIABLE = YES;
				MACOSX_DEPLOYMENT_TARGET = 14.0;
				MTL_ENABLE_DEBUG_INFO = NO;
				MTL_FAST_MATH = YES;
				SDKROOT = macosx;
				SWIFT_COMPILATION_MODE = wholemodule;
			};
			name = Release;
		};
		D0000802 /* Debug */ = {
			isa = XCBuildConfiguration;
			buildSettings = {
				ASSETCATALOG_COMPILER_APPICON_NAME = AppIcon;
				ASSETCATALOG_COMPILER_GLOBAL_ACCENT_COLOR_NAME = AccentColor;
				CODE_SIGN_ENTITLEMENTS = RSVPReader/RSVPReader.entitlements;
				CODE_SIGN_STYLE = Automatic;
				COMBINE_HIDPI_IMAGES = YES;
				CURRENT_PROJECT_VERSION = 1;
				DEVELOPMENT_ASSET_PATHS = "";
				ENABLE_HARDENED_RUNTIME = YES;
				ENABLE_PREVIEWS = YES;
				GENERATE_INFOPLIST_FILE = YES;
				INFOPLIST_KEY_LSApplicationCategoryType = "public.app-category.productivity";
				INFOPLIST_KEY_NSHumanReadableCopyright = "";
				LD_RUNPATH_SEARCH_PATHS = (
					"$(inherited)",
					"@executable_path/../Frameworks",
				);
				MARKETING_VERSION = 1.0;
				PRODUCT_BUNDLE_IDENTIFIER = com.sethy.RSVPReader;
				PRODUCT_NAME = "$(TARGET_NAME)";
				SWIFT_EMIT_LOC_STRINGS = YES;
				SWIFT_VERSION = 5.0;
			};
			name = Debug;
		};
		D0000803 /* Release */ = {
			isa = XCBuildConfiguration;
			buildSettings = {
				ASSETCATALOG_COMPILER_APPICON_NAME = AppIcon;
				ASSETCATALOG_COMPILER_GLOBAL_ACCENT_COLOR_NAME = AccentColor;
				CODE_SIGN_ENTITLEMENTS = RSVPReader/RSVPReader.entitlements;
				CODE_SIGN_STYLE = Automatic;
				COMBINE_HIDPI_IMAGES = YES;
				CURRENT_PROJECT_VERSION = 1;
				DEVELOPMENT_ASSET_PATHS = "";
				ENABLE_HARDENED_RUNTIME = YES;
				ENABLE_PREVIEWS = YES;
				GENERATE_INFOPLIST_FILE = YES;
				INFOPLIST_KEY_LSApplicationCategoryType = "public.app-category.productivity";
				INFOPLIST_KEY_NSHumanReadableCopyright = "";
				LD_RUNPATH_SEARCH_PATHS = (
					"$(inherited)",
					"@executable_path/../Frameworks",
				);
				MARKETING_VERSION = 1.0;
				PRODUCT_BUNDLE_IDENTIFIER = com.sethy.RSVPReader;
				PRODUCT_NAME = "$(TARGET_NAME)";
				SWIFT_EMIT_LOC_STRINGS = YES;
				SWIFT_VERSION = 5.0;
			};
			name = Release;
		};
/* End XCBuildConfiguration section */

/* Begin XCConfigurationList section */
		D0000500 /* Build configuration list for PBXNativeTarget "RSVPReader" */ = {
			isa = XCConfigurationList;
			buildConfigurations = (
				D0000802 /* Debug */,
				D0000803 /* Release */,
			);
			defaultConfigurationIsVisible = 0;
			defaultConfigurationName = Release;
		};
		D0000700 /* Build configuration list for PBXProject "RSVPReader" */ = {
			isa = XCConfigurationList;
			buildConfigurations = (
				D0000800 /* Debug */,
				D0000801 /* Release */,
			);
			defaultConfigurationIsVisible = 0;
			defaultConfigurationName = Release;
		};
/* End XCConfigurationList section */
	};
	rootObject = D0000600 /* Project object */;
}
